
Microsoft Visual Studio Solution File, Format Version 12.00
# Visual Studio Version 17
VisualStudioVersion = 17.10.35013.160
MinimumVisualStudioVersion = 10.0.40219.1
Project("{FAE04EC0-301F-11D3-BF4B-00C04F79EFBC}") = "BookManagement", "BookManagement\BookManagement.csproj", "{A03FB220-6918-4B32-876E-34C6ED60FC56}"
EndProject
Global
	GlobalSection(SolutionConfigurationPlatforms) = preSolution
		Debug|Any CPU = Debug|Any CPU
		Release|Any CPU = Release|Any CPU
	EndGlobalSection
	GlobalSection(ProjectConfigurationPlatforms) = postSolution
		{A03FB220-6918-4B32-876E-34C6ED60FC56}.Debug|Any CPU.ActiveCfg = Debug|Any CPU
		{A03FB220-6918-4B32-876E-34C6ED60FC56}.Debug|Any CPU.Build.0 = Debug|Any CPU
		{A03FB220-6918-4B32-876E-34C6ED60FC56}.Release|Any CPU.ActiveCfg = Release|Any CPU
		{A03FB220-6918-4B32-876E-34C6ED60FC56}.Release|Any CPU.Build.0 = Release|Any CPU
	EndGlobalSection
	GlobalSection(SolutionProperties) = preSolution
		HideSolutionNode = FALSE
	EndGlobalSection
	GlobalSection(ExtensibilityGlobals) = postSolution
		SolutionGuid = {5500458B-6449-479F-B5E9-4921A6F6BF23}
	EndGlobalSection
EndGlobal
